
Microsoft Visual Studio Solution File, Format Version 12.00
Project("{FAE04EC0-301F-11D3-BF4B-00C04F79EFBC}") = "doStuff.bookingApi", "doStuff.bookingApi\doStuff.bookingApi.csproj", "{78700899-0DAC-47B1-A5C2-781A6B6C0289}"
EndProject
Global
	GlobalSection(SolutionConfigurationPlatforms) = preSolution
		Debug|Any CPU = Debug|Any CPU
		Release|Any CPU = Release|Any CPU
	EndGlobalSection
	GlobalSection(ProjectConfigurationPlatforms) = postSolution
		{78700899-0DAC-47B1-A5C2-781A6B6C0289}.Debug|Any CPU.ActiveCfg = Debug|Any CPU
		{78700899-0DAC-47B1-A5C2-781A6B6C0289}.Debug|Any CPU.Build.0 = Debug|Any CPU
		{78700899-0DAC-47B1-A5C2-781A6B6C0289}.Release|Any CPU.ActiveCfg = Release|Any CPU
		{78700899-0DAC-47B1-A5C2-781A6B6C0289}.Release|Any CPU.Build.0 = Release|Any CPU
	EndGlobalSection
EndGlobal
